// !$*UTF8*$!
{
	archiveVersion = 1;
	classes = {
	};
	objectVersion = 77;
	objects = {

/* Begin PBXBuildRule section */
		213E17172E8D12E300B45E6F /* PBXBuildRule */ = {
			isa = PBXBuildRule;
			compilerSpec = com.apple.compilers.proxy.script;
			fileType = pattern.proxy;
			inputFiles = (
			);
			isEditable = 1;
			outputFiles = (
			);
			script = "# Type a script or drag a script file from your workspace to insert its path.\n";
		};
/* End PBXBuildRule section */

/* Begin PBXContainerItemProxy section */
		213E16EC2E8D0FA800B45E6F /* PBXContainerItemProxy */ = {
			isa = PBXContainerItemProxy;
			containerPortal = 21CFDABE2E8BA5F60003CCC4 /* Project object */;
			proxyType = 1;
			remoteGlobalIDString = 213E16DE2E8D0FA700B45E6F;
			remoteInfo = mytemposwing;
		};
		213E16F62E8D0FA800B45E6F /* PBXContainerItemProxy */ = {
			isa = PBXContainerItemProxy;
			containerPortal = 21CFDABE2E8BA5F60003CCC4 /* Project object */;
			proxyType = 1;
			remoteGlobalIDString = 213E16DE2E8D0FA700B45E6F;
			remoteInfo = mytemposwing;
		};
/* End PBXContainerItemProxy section */

/* Begin PBXFileReference section */
		213E16DF2E8D0FA700B45E6F /* mytemposwing.app */ = {isa = PBXFileReference; explicitFileType = wrapper.application; includeInIndex = 0; path = mytemposwing.app; sourceTree = BUILT_PRODUCTS_DIR; };
		213E16EB2E8D0FA800B45E6F /* mytemposwingTests.xctest */ = {isa = PBXFileReference; explicitFileType = wrapper.cfbundle; includeInIndex = 0; path = mytemposwingTests.xctest; sourceTree = BUILT_PRODUCTS_DIR; };
		213E16F52E8D0FA800B45E6F /* mytemposwingUITests.xctest */ = {isa = PBXFileReference; explicitFileType = wrapper.cfbundle; includeInIndex = 0; path = mytemposwingUITests.xctest; sourceTree = BUILT_PRODUCTS_DIR; };
/* End PBXFileReference section */

/* Begin PBXFileSystemSynchronizedBuildFileExceptionSet section */
		213E17122E8D125F00B45E6F /* Exceptions for "myTempoGolf" folder in "mytemposwing" target */ = {
			isa = PBXFileSystemSynchronizedBuildFileExceptionSet;
			membershipExceptions = (
				myTempoGolf/ContentView.swift,
				myTempoGolf/Models/SwingSession.swift,
				myTempoGolf/Models/TempoSettings.swift,
				myTempoGolf/MyTempoGolfApp.swift,
				myTempoGolf/Utilities/AudioManager.swift,
				myTempoGolf/Utilities/HapticManager.swift,
				myTempoGolf/ViewModels/SettingsViewModel.swift,
				myTempoGolf/ViewModels/TempoViewModel.swift,
			);
			target = 213E16DE2E8D0FA700B45E6F /* mytemposwing */;
		};
/* End PBXFileSystemSynchronizedBuildFileExceptionSet section */

/* Begin PBXFileSystemSynchronizedGroupBuildPhaseMembershipExceptionSet section */
		213E17132E8D125F00B45E6F /* Exceptions for "myTempoGolf" folder in "Compile Sources" phase from "mytemposwing" target */ = {
			isa = PBXFileSystemSynchronizedGroupBuildPhaseMembershipExceptionSet;
			buildPhase = 213E16DB2E8D0FA700B45E6F /* Sources */;
			membershipExceptions = (
				myTempoGolf/Assets.xcassets,
			);
		};
/* End PBXFileSystemSynchronizedGroupBuildPhaseMembershipExceptionSet section */

/* Begin PBXFileSystemSynchronizedRootGroup section */
		21CFDAC82E8BA5F60003CCC4 /* myTempoGolf */ = {
			isa = PBXFileSystemSynchronizedRootGroup;
			exceptions = (
				213E17122E8D125F00B45E6F /* Exceptions for "myTempoGolf" folder in "mytemposwing" target */,
				213E17132E8D125F00B45E6F /* Exceptions for "myTempoGolf" folder in "Compile Sources" phase from "mytemposwing" target */,
			);
			path = myTempoGolf;
			sourceTree = "<group>";
		};
		21CFDAD62E8BA5F80003CCC4 /* myTempoGolfTests */ = {
			isa = PBXFileSystemSynchronizedRootGroup;
			path = myTempoGolfTests;
			sourceTree = "<group>";
		};
		21CFDAE02E8BA5F80003CCC4 /* myTempoGolfUITests */ = {
			isa = PBXFileSystemSynchronizedRootGroup;
			path = myTempoGolfUITests;
			sourceTree = "<group>";
		};
/* End PBXFileSystemSynchronizedRootGroup section */

/* Begin PBXFrameworksBuildPhase section */
		213E16DC2E8D0FA700B45E6F /* Frameworks */ = {
			isa = PBXFrameworksBuildPhase;
			buildActionMask = 2147483647;
			files = (
			);
			runOnlyForDeploymentPostprocessing = 0;
		};
		213E16E82E8D0FA800B45E6F /* Frameworks */ = {
			isa = PBXFrameworksBuildPhase;
			buildActionMask = 2147483647;
			files = (
			);
			runOnlyForDeploymentPostprocessing = 0;
		};
		213E16F22E8D0FA800B45E6F /* Frameworks */ = {
			isa = PBXFrameworksBuildPhase;
			buildActionMask = 2147483647;
			files = (
			);
			runOnlyForDeploymentPostprocessing = 0;
		};
/* End PBXFrameworksBuildPhase section */

/* Begin PBXGroup section */
		21CFDABD2E8BA5F60003CCC4 = {
			isa = PBXGroup;
			children = (
				21CFDAC82E8BA5F60003CCC4 /* myTempoGolf */,
				21CFDAD62E8BA5F80003CCC4 /* myTempoGolfTests */,
				21CFDAE02E8BA5F80003CCC4 /* myTempoGolfUITests */,
				21CFDAC72E8BA5F60003CCC4 /* Products */,
			);
			sourceTree = "<group>";
		};
		21CFDAC72E8BA5F60003CCC4 /* Products */ = {
			isa = PBXGroup;
			children = (
				213E16DF2E8D0FA700B45E6F /* mytemposwing.app */,
				213E16EB2E8D0FA800B45E6F /* mytemposwingTests.xctest */,
				213E16F52E8D0FA800B45E6F /* mytemposwingUITests.xctest */,
			);
			name = Products;
			sourceTree = "<group>";
		};
/* End PBXGroup section */

/* Begin PBXNativeTarget section */
		213E16DE2E8D0FA700B45E6F /* mytemposwing */ = {
			isa = PBXNativeTarget;
			buildConfigurationList = 213E16FD2E8D0FA800B45E6F /* Build configuration list for PBXNativeTarget "mytemposwing" */;
			buildPhases = (
				213E16DB2E8D0FA700B45E6F /* Sources */,
				213E16DC2E8D0FA700B45E6F /* Frameworks */,
				213E16DD2E8D0FA700B45E6F /* Resources */,
			);
			buildRules = (
				213E17172E8D12E300B45E6F /* PBXBuildRule */,
			);
			dependencies = (
			);
			name = mytemposwing;
			packageProductDependencies = (
			);
			productName = mytemposwing;
			productReference = 213E16DF2E8D0FA700B45E6F /* mytemposwing.app */;
			productType = "com.apple.product-type.application";
		};
		213E16EA2E8D0FA800B45E6F /* mytemposwingTests */ = {
			isa = PBXNativeTarget;
			buildConfigurationList = 213E17002E8D0FA800B45E6F /* Build configuration list for PBXNativeTarget "mytemposwingTests" */;
			buildPhases = (
				213E16E72E8D0FA800B45E6F /* Sources */,
				213E16E82E8D0FA800B45E6F /* Frameworks */,
				213E16E92E8D0FA800B45E6F /* Resources */,
			);
			buildRules = (
			);
			dependencies = (
				213E16ED2E8D0FA800B45E6F /* PBXTargetDependency */,
			);
			name = mytemposwingTests;
			packageProductDependencies = (
			);
			productName = mytemposwingTests;
			productReference = 213E16EB2E8D0FA800B45E6F /* mytemposwingTests.xctest */;
			productType = "com.apple.product-type.bundle.unit-test";
		};
		213E16F42E8D0FA800B45E6F /* mytemposwingUITests */ = {
			isa = PBXNativeTarget;
			buildConfigurationList = 213E17032E8D0FA800B45E6F /* Build configuration list for PBXNativeTarget "mytemposwingUITests" */;
			buildPhases = (
				213E16F12E8D0FA800B45E6F /* Sources */,
				213E16F22E8D0FA800B45E6F /* Frameworks */,
				213E16F32E8D0FA800B45E6F /* Resources */,
			);
			buildRules = (
			);
			dependencies = (
				213E16F72E8D0FA800B45E6F /* PBXTargetDependency */,
			);
			name = mytemposwingUITests;
			packageProductDependencies = (
			);
			productName = mytemposwingUITests;
			productReference = 213E16F52E8D0FA800B45E6F /* mytemposwingUITests.xctest */;
			productType = "com.apple.product-type.bundle.ui-testing";
		};
/* End PBXNativeTarget section */

/* Begin PBXProject section */
		21CFDABE2E8BA5F60003CCC4 /* Project object */ = {
			isa = PBXProject;
			attributes = {
				BuildIndependentTargetsInParallel = 1;
				LastSwiftUpdateCheck = 1640;
				LastUpgradeCheck = 1640;
				TargetAttributes = {
					213E16DE2E8D0FA700B45E6F = {
						CreatedOnToolsVersion = 16.4;
					};
					213E16EA2E8D0FA800B45E6F = {
						CreatedOnToolsVersion = 16.4;
						TestTargetID = 213E16DE2E8D0FA700B45E6F;
					};
					213E16F42E8D0FA800B45E6F = {
						CreatedOnToolsVersion = 16.4;
						TestTargetID = 213E16DE2E8D0FA700B45E6F;
					};
				};
			};
			buildConfigurationList = 21CFDAC12E8BA5F60003CCC4 /* Build configuration list for PBXProject "myTempoGolf" */;
			developmentRegion = en;
			hasScannedForEncodings = 0;
			knownRegions = (
				en,
				Base,
			);
			mainGroup = 21CFDABD2E8BA5F60003CCC4;
			minimizedProjectReferenceProxies = 1;
			preferredProjectObjectVersion = 77;
			productRefGroup = 21CFDAC72E8BA5F60003CCC4 /* Products */;
			projectDirPath = "";
			projectRoot = "";
			targets = (
				213E16DE2E8D0FA700B45E6F /* mytemposwing */,
				213E16EA2E8D0FA800B45E6F /* mytemposwingTests */,
				213E16F42E8D0FA800B45E6F /* mytemposwingUITests */,
			);
		};
/* End PBXProject section */

/* Begin PBXResourcesBuildPhase section */
		213E16DD2E8D0FA700B45E6F /* Resources */ = {
			isa = PBXResourcesBuildPhase;
			buildActionMask = 2147483647;
			files = (
			);
			runOnlyForDeploymentPostprocessing = 0;
		};
		213E16E92E8D0FA800B45E6F /* Resources */ = {
			isa = PBXResourcesBuildPhase;
			buildActionMask = 2147483647;
			files = (
			);
			runOnlyForDeploymentPostprocessing = 0;
		};
		213E16F32E8D0FA800B45E6F /* Resources */ = {
			isa = PBXResourcesBuildPhase;
			buildActionMask = 2147483647;
			files = (
			);
			runOnlyForDeploymentPostprocessing = 0;
		};
/* End PBXResourcesBuildPhase section */

/* Begin PBXSourcesBuildPhase section */
		213E16DB2E8D0FA700B45E6F /* Sources */ = {
			isa = PBXSourcesBuildPhase;
			buildActionMask = 2147483647;
			files = (
			);
			runOnlyForDeploymentPostprocessing = 0;
		};
		213E16E72E8D0FA800B45E6F /* Sources */ = {
			isa = PBXSourcesBuildPhase;
			buildActionMask = 2147483647;
			files = (
			);
			runOnlyForDeploymentPostprocessing = 0;
		};
		213E16F12E8D0FA800B45E6F /* Sources */ = {
			isa = PBXSourcesBuildPhase;
			buildActionMask = 2147483647;
			files = (
			);
			runOnlyForDeploymentPostprocessing = 0;
		};
/* End PBXSourcesBuildPhase section */

/* Begin PBXTargetDependency section */
		213E16ED2E8D0FA800B45E6F /* PBXTargetDependency */ = {
			isa = PBXTargetDependency;
			target = 213E16DE2E8D0FA700B45E6F /* mytemposwing */;
			targetProxy = 213E16EC2E8D0FA800B45E6F /* PBXContainerItemProxy */;
		};
		213E16F72E8D0FA800B45E6F /* PBXTargetDependency */ = {
			isa = PBXTargetDependency;
			target = 213E16DE2E8D0FA700B45E6F /* mytemposwing */;
			targetProxy = 213E16F62E8D0FA800B45E6F /* PBXContainerItemProxy */;
		};
/* End PBXTargetDependency section */

/* Begin XCBuildConfiguration section */
		213E16FE2E8D0FA800B45E6F /* Debug */ = {
			isa = XCBuildConfiguration;
			buildSettings = {
				ASSETCATALOG_COMPILER_APPICON_NAME = AppIcon;
				ASSETCATALOG_COMPILER_GLOBAL_ACCENT_COLOR_NAME = AccentColor;
				CODE_SIGN_STYLE = Automatic;
				CURRENT_PROJECT_VERSION = 1;
				DEVELOPMENT_TEAM = G563952Z46;
				ENABLE_PREVIEWS = YES;
				GENERATE_INFOPLIST_FILE = YES;
				INFOPLIST_KEY_LSBackgroundOnly = NO;
				INFOPLIST_KEY_UIApplicationSceneManifest_Generation = YES;
				INFOPLIST_KEY_UIApplicationSupportsIndirectInputEvents = YES;
				INFOPLIST_KEY_UILaunchScreen_Generation = YES;
				INFOPLIST_KEY_UISupportedInterfaceOrientations_iPad = "UIInterfaceOrientationPortrait UIInterfaceOrientationPortraitUpsideDown UIInterfaceOrientationLandscapeLeft UIInterfaceOrientationLandscapeRight";
				INFOPLIST_KEY_UISupportedInterfaceOrientations_iPhone = "UIInterfaceOrientationPortrait UIInterfaceOrientationLandscapeLeft UIInterfaceOrientationLandscapeRight";
				LD_RUNPATH_SEARCH_PATHS = (
					"$(inherited)",
					"@executable_path/Frameworks",
				);
				MARKETING_VERSION = 1.0;
				PRODUCT_BUNDLE_IDENTIFIER = com.chrispritchard.mytemposwing;
				PRODUCT_NAME = "$(TARGET_NAME)";
				SUPPORTED_PLATFORMS = "iphoneos iphonesimulator";
				SUPPORTS_MACCATALYST = NO;
				SUPPORTS_MAC_DESIGNED_FOR_IPHONE_IPAD = NO;
				SUPPORTS_XR_DESIGNED_FOR_IPHONE_IPAD = NO;
				SWIFT_EMIT_LOC_STRINGS = YES;
				SWIFT_VERSION = 5.0;
				TARGETED_DEVICE_FAMILY = 1;
			};
			name = Debug;
		};
		213E16FF2E8D0FA800B45E6F /* Release */ = {
			isa = XCBuildConfiguration;
			buildSettings = {
				ASSETCATALOG_COMPILER_APPICON_NAME = AppIcon;
				ASSETCATALOG_COMPILER_GLOBAL_ACCENT_COLOR_NAME = AccentColor;
				CODE_SIGN_STYLE = Automatic;
				CURRENT_PROJECT_VERSION = 1;
				DEVELOPMENT_TEAM = G563952Z46;
				ENABLE_PREVIEWS = YES;
				GENERATE_INFOPLIST_FILE = YES;
				INFOPLIST_KEY_LSBackgroundOnly = NO;
				INFOPLIST_KEY_UIApplicationSceneManifest_Generation = YES;
				INFOPLIST_KEY_UIApplicationSupportsIndirectInputEvents = YES;
				INFOPLIST_KEY_UILaunchScreen_Generation = YES;
				INFOPLIST_KEY_UISupportedInterfaceOrientations_iPad = "UIInterfaceOrientationPortrait UIInterfaceOrientationPortraitUpsideDown UIInterfaceOrientationLandscapeLeft UIInterfaceOrientationLandscapeRight";
				INFOPLIST_KEY_UISupportedInterfaceOrientations_iPhone = "UIInterfaceOrientationPortrait UIInterfaceOrientationLandscapeLeft UIInterfaceOrientationLandscapeRight";
				LD_RUNPATH_SEARCH_PATHS = (
					"$(inherited)",
					"@executable_path/Frameworks",
				);
				MARKETING_VERSION = 1.0;
				PRODUCT_BUNDLE_IDENTIFIER = com.chrispritchard.mytemposwing;
				PRODUCT_NAME = "$(TARGET_NAME)";
				SUPPORTED_PLATFORMS = "iphoneos iphonesimulator";
				SUPPORTS_MACCATALYST = NO;
				SUPPORTS_MAC_DESIGNED_FOR_IPHONE_IPAD = NO;
				SUPPORTS_XR_DESIGNED_FOR_IPHONE_IPAD = NO;
				SWIFT_EMIT_LOC_STRINGS = YES;
				SWIFT_VERSION = 5.0;
				TARGETED_DEVICE_FAMILY = 1;
			};
			name = Release;
		};
		213E17012E8D0FA800B45E6F /* Debug */ = {
			isa = XCBuildConfiguration;
			buildSettings = {
				BUNDLE_LOADER = "$(TEST_HOST)";
				CODE_SIGN_STYLE = Automatic;
				CURRENT_PROJECT_VERSION = 1;
				DEVELOPMENT_TEAM = G563952Z46;
				GENERATE_INFOPLIST_FILE = YES;
				IPHONEOS_DEPLOYMENT_TARGET = 18.5;
				MARKETING_VERSION = 1.0;
				PRODUCT_BUNDLE_IDENTIFIER = com.chrispritchard.mytemposwingTests;
				PRODUCT_NAME = "$(TARGET_NAME)";
				SWIFT_EMIT_LOC_STRINGS = NO;
				SWIFT_VERSION = 5.0;
				TARGETED_DEVICE_FAMILY = "1,2";
				TEST_HOST = "$(BUILT_PRODUCTS_DIR)/mytemposwing.app/$(BUNDLE_EXECUTABLE_FOLDER_PATH)/mytemposwing";
			};
			name = Debug;
		};
		213E17022E8D0FA800B45E6F /* Release */ = {
			isa = XCBuildConfiguration;
			buildSettings = {
				BUNDLE_LOADER = "$(TEST_HOST)";
				CODE_SIGN_STYLE = Automatic;
				CURRENT_PROJECT_VERSION = 1;
				DEVELOPMENT_TEAM = G563952Z46;
				GENERATE_INFOPLIST_FILE = YES;
				IPHONEOS_DEPLOYMENT_TARGET = 18.5;
				MARKETING_VERSION = 1.0;
				PRODUCT_BUNDLE_IDENTIFIER = com.chrispritchard.mytemposwingTests;
				PRODUCT_NAME = "$(TARGET_NAME)";
				SWIFT_EMIT_LOC_STRINGS = NO;
				SWIFT_VERSION = 5.0;
				TARGETED_DEVICE_FAMILY = "1,2";
				TEST_HOST = "$(BUILT_PRODUCTS_DIR)/mytemposwing.app/$(BUNDLE_EXECUTABLE_FOLDER_PATH)/mytemposwing";
			};
			name = Release;
		};
		213E17042E8D0FA800B45E6F /* Debug */ = {
			isa = XCBuildConfiguration;
			buildSettings = {
				CODE_SIGN_STYLE = Automatic;
				CURRENT_PROJECT_VERSION = 1;
				DEVELOPMENT_TEAM = G563952Z46;
				GENERATE_INFOPLIST_FILE = YES;
				MARKETING_VERSION = 1.0;
				PRODUCT_BUNDLE_IDENTIFIER = com.chrispritchard.mytemposwingUITests;
				PRODUCT_NAME = "$(TARGET_NAME)";
				SWIFT_EMIT_LOC_STRINGS = NO;
				SWIFT_VERSION = 5.0;
				TARGETED_DEVICE_FAMILY = "1,2";
				TEST_TARGET_NAME = mytemposwing;
			};
			name = Debug;
		};
		213E17052E8D0FA800B45E6F /* Release */ = {
			isa = XCBuildConfiguration;
			buildSettings = {
				CODE_SIGN_STYLE = Automatic;
				CURRENT_PROJECT_VERSION = 1;
				DEVELOPMENT_TEAM = G563952Z46;
				GENERATE_INFOPLIST_FILE = YES;
				MARKETING_VERSION = 1.0;
				PRODUCT_BUNDLE_IDENTIFIER = com.chrispritchard.mytemposwingUITests;
				PRODUCT_NAME = "$(TARGET_NAME)";
				SWIFT_EMIT_LOC_STRINGS = NO;
				SWIFT_VERSION = 5.0;
				TARGETED_DEVICE_FAMILY = "1,2";
				TEST_TARGET_NAME = mytemposwing;
			};
			name = Release;
		};
		21CFDAE52E8BA5F80003CCC4 /* Debug */ = {
			isa = XCBuildConfiguration;
			buildSettings = {
				ALWAYS_SEARCH_USER_PATHS = NO;
				ASSETCATALOG_COMPILER_GENERATE_SWIFT_ASSET_SYMBOL_EXTENSIONS = YES;
				CLANG_ANALYZER_NONNULL = YES;
				CLANG_ANALYZER_NUMBER_OBJECT_CONVERSION = YES_AGGRESSIVE;
				CLANG_CXX_LANGUAGE_STANDARD = "gnu++20";
				CLANG_ENABLE_MODULES = YES;
				CLANG_ENABLE_OBJC_ARC = YES;
				CLANG_ENABLE_OBJC_WEAK = YES;
				CLANG_WARN_BLOCK_CAPTURE_AUTORELEASING = YES;
				CLANG_WARN_BOOL_CONVERSION = YES;
				CLANG_WARN_COMMA = YES;
				CLANG_WARN_CONSTANT_CONVERSION = YES;
				CLANG_WARN_DEPRECATED_OBJC_IMPLEMENTATIONS = YES;
				CLANG_WARN_DIRECT_OBJC_ISA_USAGE = YES_ERROR;
				CLANG_WARN_DOCUMENTATION_COMMENTS = YES;
				CLANG_WARN_EMPTY_BODY = YES;
				CLANG_WARN_ENUM_CONVERSION = YES;
				CLANG_WARN_INFINITE_RECURSION = YES;
				CLANG_WARN_INT_CONVERSION = YES;
				CLANG_WARN_NON_LITERAL_NULL_CONVERSION = YES;
				CLANG_WARN_OBJC_IMPLICIT_RETAIN_SELF = YES;
				CLANG_WARN_OBJC_LITERAL_CONVERSION = YES;
				CLANG_WARN_OBJC_ROOT_CLASS = YES_ERROR;
				CLANG_WARN_QUOTED_INCLUDE_IN_FRAMEWORK_HEADER = YES;
				CLANG_WARN_RANGE_LOOP_ANALYSIS = YES;
				CLANG_WARN_STRICT_PROTOTYPES = YES;
				CLANG_WARN_SUSPICIOUS_MOVE = YES;
				CLANG_WARN_UNGUARDED_AVAILABILITY = YES_AGGRESSIVE;
				CLANG_WARN_UNREACHABLE_CODE = YES;
				CLANG_WARN__DUPLICATE_METHOD_MATCH = YES;
				COPY_PHASE_STRIP = NO;
				DEBUG_INFORMATION_FORMAT = dwarf;
				DEVELOPMENT_TEAM = G563952Z46;
				ENABLE_STRICT_OBJC_MSGSEND = YES;
				ENABLE_TESTABILITY = YES;
				ENABLE_USER_SCRIPT_SANDBOXING = YES;
				GCC_C_LANGUAGE_STANDARD = gnu17;
				GCC_DYNAMIC_NO_PIC = NO;
				GCC_NO_COMMON_BLOCKS = YES;
				GCC_OPTIMIZATION_LEVEL = 0;
				GCC_PREPROCESSOR_DEFINITIONS = (
					"DEBUG=1",
					"$(inherited)",
				);
				GCC_WARN_64_TO_32_BIT_CONVERSION = YES;
				GCC_WARN_ABOUT_RETURN_TYPE = YES_ERROR;
				GCC_WARN_UNDECLARED_SELECTOR = YES;
				GCC_WARN_UNINITIALIZED_AUTOS = YES_AGGRESSIVE;
				GCC_WARN_UNUSED_FUNCTION = YES;
				GCC_WARN_UNUSED_VARIABLE = YES;
				IPHONEOS_DEPLOYMENT_TARGET = 18.5;
				LOCALIZATION_PREFERS_STRING_CATALOGS = YES;
				MTL_ENABLE_DEBUG_INFO = INCLUDE_SOURCE;
				MTL_FAST_MATH = YES;
				ONLY_ACTIVE_ARCH = YES;
				SDKROOT = iphoneos;
				SWIFT_ACTIVE_COMPILATION_CONDITIONS = "DEBUG $(inherited)";
				SWIFT_OPTIMIZATION_LEVEL = "-Onone";
			};
			name = Debug;
		};
		21CFDAE62E8BA5F80003CCC4 /* Release */ = {
			isa = XCBuildConfiguration;
			buildSettings = {
				ALWAYS_SEARCH_USER_PATHS = NO;
				ASSETCATALOG_COMPILER_GENERATE_SWIFT_ASSET_SYMBOL_EXTENSIONS = YES;
				CLANG_ANALYZER_NONNULL = YES;
				CLANG_ANALYZER_NUMBER_OBJECT_CONVERSION = YES_AGGRESSIVE;
				CLANG_CXX_LANGUAGE_STANDARD = "gnu++20";
				CLANG_ENABLE_MODULES = YES;
				CLANG_ENABLE_OBJC_ARC = YES;
				CLANG_ENABLE_OBJC_WEAK = YES;
				CLANG_WARN_BLOCK_CAPTURE_AUTORELEASING = YES;
				CLANG_WARN_BOOL_CONVERSION = YES;
				CLANG_WARN_COMMA = YES;
				CLANG_WARN_CONSTANT_CONVERSION = YES;
				CLANG_WARN_DEPRECATED_OBJC_IMPLEMENTATIONS = YES;
				CLANG_WARN_DIRECT_OBJC_ISA_USAGE = YES_ERROR;
				CLANG_WARN_DOCUMENTATION_COMMENTS = YES;
				CLANG_WARN_EMPTY_BODY = YES;
				CLANG_WARN_ENUM_CONVERSION = YES;
				CLANG_WARN_INFINITE_RECURSION = YES;
				CLANG_WARN_INT_CONVERSION = YES;
				CLANG_WARN_NON_LITERAL_NULL_CONVERSION = YES;
				CLANG_WARN_OBJC_IMPLICIT_RETAIN_SELF = YES;
				CLANG_WARN_OBJC_LITERAL_CONVERSION = YES;
				CLANG_WARN_OBJC_ROOT_CLASS = YES_ERROR;
				CLANG_WARN_QUOTED_INCLUDE_IN_FRAMEWORK_HEADER = YES;
				CLANG_WARN_RANGE_LOOP_ANALYSIS = YES;
				CLANG_WARN_STRICT_PROTOTYPES = YES;
				CLANG_WARN_SUSPICIOUS_MOVE = YES;
				CLANG_WARN_UNGUARDED_AVAILABILITY = YES_AGGRESSIVE;
				CLANG_WARN_UNREACHABLE_CODE = YES;
				CLANG_WARN__DUPLICATE_METHOD_MATCH = YES;
				COPY_PHASE_STRIP = NO;
				DEBUG_INFORMATION_FORMAT = "dwarf-with-dsym";
				DEVELOPMENT_TEAM = G563952Z46;
				ENABLE_NS_ASSERTIONS = NO;
				ENABLE_STRICT_OBJC_MSGSEND = YES;
				ENABLE_USER_SCRIPT_SANDBOXING = YES;
				GCC_C_LANGUAGE_STANDARD = gnu17;
				GCC_NO_COMMON_BLOCKS = YES;
				GCC_WARN_64_TO_32_BIT_CONVERSION = YES;
				GCC_WARN_ABOUT_RETURN_TYPE = YES_ERROR;
				GCC_WARN_UNDECLARED_SELECTOR = YES;
				GCC_WARN_UNINITIALIZED_AUTOS = YES_AGGRESSIVE;
				GCC_WARN_UNUSED_FUNCTION = YES;
				GCC_WARN_UNUSED_VARIABLE = YES;
				IPHONEOS_DEPLOYMENT_TARGET = 18.5;
				LOCALIZATION_PREFERS_STRING_CATALOGS = YES;
				MTL_ENABLE_DEBUG_INFO = NO;
				MTL_FAST_MATH = YES;
				SDKROOT = iphoneos;
				SWIFT_COMPILATION_MODE = wholemodule;
				VALIDATE_PRODUCT = YES;
			};
			name = Release;
		};
/* End XCBuildConfiguration section */

/* Begin XCConfigurationList section */
		213E16FD2E8D0FA800B45E6F /* Build configuration list for PBXNativeTarget "mytemposwing" */ = {
			isa = XCConfigurationList;
			buildConfigurations = (
				213E16FE2E8D0FA800B45E6F /* Debug */,
				213E16FF2E8D0FA800B45E6F /* Release */,
			);
			defaultConfigurationIsVisible = 0;
			defaultConfigurationName = Release;
		};
		213E17002E8D0FA800B45E6F /* Build configuration list for PBXNativeTarget "mytemposwingTests" */ = {
			isa = XCConfigurationList;
			buildConfigurations = (
				213E17012E8D0FA800B45E6F /* Debug */,
				213E17022E8D0FA800B45E6F /* Release */,
			);
			defaultConfigurationIsVisible = 0;
			defaultConfigurationName = Release;
		};
		213E17032E8D0FA800B45E6F /* Build configuration list for PBXNativeTarget "mytemposwingUITests" */ = {
			isa = XCConfigurationList;
			buildConfigurations = (
				213E17042E8D0FA800B45E6F /* Debug */,
				213E17052E8D0FA800B45E6F /* Release */,
			);
			defaultConfigurationIsVisible = 0;
			defaultConfigurationName = Release;
		};
		21CFDAC12E8BA5F60003CCC4 /* Build configuration list for PBXProject "myTempoGolf" */ = {
			isa = XCConfigurationList;
			buildConfigurations = (
				21CFDAE52E8BA5F80003CCC4 /* Debug */,
				21CFDAE62E8BA5F80003CCC4 /* Release */,
			);
			defaultConfigurationIsVisible = 0;
			defaultConfigurationName = Release;
		};
/* End XCConfigurationList section */
	};
	rootObject = 21CFDABE2E8BA5F60003CCC4 /* Project object */;
}
